
Microsoft Visual Studio Solution File, Format Version 12.00
# Visual Studio Version 17
VisualStudioVersion = 17.3.32819.101
MinimumVisualStudioVersion = 10.0.40219.1
Project("{2150E333-8FDC-42A3-9474-1A3956D46DE8}") = "src", "src", "{04C7EA05-02A3-499C-AAEC-461106B0FF00}"
EndProject
Project("{2150E333-8FDC-42A3-9474-1A3956D46DE8}") = "corePackages", "corePackages", "{4E3EC33D-D422-466D-9654-EC12BC53FC27}"
EndProject
Project("{2150E333-8FDC-42A3-9474-1A3956D46DE8}") = "randevu", "randevu", "{ABF764CF-3622-4E33-91FF-971E8C5E0DA5}"
EndProject
Project("{9A19103F-16F7-4668-BE54-9A1E7A4F7556}") = "Core.Application", "src\corePackages\Core.Application\Core.Application.csproj", "{D4144DAF-D3A0-4EA8-BE8E-48B330C8CB30}"
EndProject
Project("{9A19103F-16F7-4668-BE54-9A1E7A4F7556}") = "Core.CrossCuttingConcerns", "src\corePackages\Core.CrossCuttingConcers\Core.CrossCuttingConcerns.csproj", "{A3BFED17-D8F2-4D55-90AD-62378383442A}"
EndProject
Project("{9A19103F-16F7-4668-BE54-9A1E7A4F7556}") = "Core.ElasticSearch", "src\corePackages\Core.ElasticSearch\Core.ElasticSearch.csproj", "{5C037C91-673A-4414-8411-6805F11150D6}"
EndProject
Project("{9A19103F-16F7-4668-BE54-9A1E7A4F7556}") = "Core.Mailing", "src\corePackages\Core.Mailing\Core.Mailing.csproj", "{1B482671-4E9A-41EB-8689-D023AEA0C095}"
EndProject
Project("{9A19103F-16F7-4668-BE54-9A1E7A4F7556}") = "Core.Persistence", "src\corePackages\Core.Persistence\Core.Persistence.csproj", "{E0FA80EB-7A2B-4574-AF94-D5D9EDC7AD18}"
EndProject
Project("{9A19103F-16F7-4668-BE54-9A1E7A4F7556}") = "Core.Security", "src\corePackages\Core.Security\Core.Security.csproj", "{0EDE9D03-BBF6-4C05-8172-7A811BF42B2D}"
EndProject
Project("{9A19103F-16F7-4668-BE54-9A1E7A4F7556}") = "Application", "src\randevu\Application\Application.csproj", "{38DF2289-834A-4356-A8F2-844EFF011738}"
EndProject
Project("{9A19103F-16F7-4668-BE54-9A1E7A4F7556}") = "Domain", "src\randevu\Domain\Domain.csproj", "{BF49986A-1C5B-4CFF-B900-C7CB01D55525}"
EndProject
Project("{9A19103F-16F7-4668-BE54-9A1E7A4F7556}") = "Infrastructure", "src\randevu\Infrastructure\Infrastructure.csproj", "{DB37BD35-D18D-4ACE-8D70-6BB08A0A6DDC}"
EndProject
Project("{9A19103F-16F7-4668-BE54-9A1E7A4F7556}") = "Persistence", "src\randevu\Persistence\Persistence.csproj", "{AA95B730-99FD-4F41-9680-1CE9B59DC0A6}"
EndProject
Project("{9A19103F-16F7-4668-BE54-9A1E7A4F7556}") = "WebAPI", "src\randevu\WebAPI\WebAPI.csproj", "{ED6C156F-80B5-4155-87B5-C3F680AC1A63}"
EndProject
Global
	GlobalSection(SolutionConfigurationPlatforms) = preSolution
		Debug|Any CPU = Debug|Any CPU
		Release|Any CPU = Release|Any CPU
	EndGlobalSection
	GlobalSection(ProjectConfigurationPlatforms) = postSolution
		{D4144DAF-D3A0-4EA8-BE8E-48B330C8CB30}.Debug|Any CPU.ActiveCfg = Debug|Any CPU
		{D4144DAF-D3A0-4EA8-BE8E-48B330C8CB30}.Debug|Any CPU.Build.0 = Debug|Any CPU
		{D4144DAF-D3A0-4EA8-BE8E-48B330C8CB30}.Release|Any CPU.ActiveCfg = Release|Any CPU
		{D4144DAF-D3A0-4EA8-BE8E-48B330C8CB30}.Release|Any CPU.Build.0 = Release|Any CPU
		{A3BFED17-D8F2-4D55-90AD-62378383442A}.Debug|Any CPU.ActiveCfg = Debug|Any CPU
		{A3BFED17-D8F2-4D55-90AD-62378383442A}.Debug|Any CPU.Build.0 = Debug|Any CPU
		{A3BFED17-D8F2-4D55-90AD-62378383442A}.Release|Any CPU.ActiveCfg = Release|Any CPU
		{A3BFED17-D8F2-4D55-90AD-62378383442A}.Release|Any CPU.Build.0 = Release|Any CPU
		{5C037C91-673A-4414-8411-6805F11150D6}.Debug|Any CPU.ActiveCfg = Debug|Any CPU
		{5C037C91-673A-4414-8411-6805F11150D6}.Debug|Any CPU.Build.0 = Debug|Any CPU
		{5C037C91-673A-4414-8411-6805F11150D6}.Release|Any CPU.ActiveCfg = Release|Any CPU
		{5C037C91-673A-4414-8411-6805F11150D6}.Release|Any CPU.Build.0 = Release|Any CPU
		{1B482671-4E9A-41EB-8689-D023AEA0C095}.Debug|Any CPU.ActiveCfg = Debug|Any CPU
		{1B482671-4E9A-41EB-8689-D023AEA0C095}.Debug|Any CPU.Build.0 = Debug|Any CPU
		{1B482671-4E9A-41EB-8689-D023AEA0C095}.Release|Any CPU.ActiveCfg = Release|Any CPU
		{1B482671-4E9A-41EB-8689-D023AEA0C095}.Release|Any CPU.Build.0 = Release|Any CPU
		{E0FA80EB-7A2B-4574-AF94-D5D9EDC7AD18}.Debug|Any CPU.ActiveCfg = Debug|Any CPU
		{E0FA80EB-7A2B-4574-AF94-D5D9EDC7AD18}.Debug|Any CPU.Build.0 = Debug|Any CPU
		{E0FA80EB-7A2B-4574-AF94-D5D9EDC7AD18}.Release|Any CPU.ActiveCfg = Release|Any CPU
		{E0FA80EB-7A2B-4574-AF94-D5D9EDC7AD18}.Release|Any CPU.Build.0 = Release|Any CPU
		{0EDE9D03-BBF6-4C05-8172-7A811BF42B2D}.Debug|Any CPU.ActiveCfg = Debug|Any CPU
		{0EDE9D03-BBF6-4C05-8172-7A811BF42B2D}.Debug|Any CPU.Build.0 = Debug|Any CPU
		{0EDE9D03-BBF6-4C05-8172-7A811BF42B2D}.Release|Any CPU.ActiveCfg = Release|Any CPU
		{0EDE9D03-BBF6-4C05-8172-7A811BF42B2D}.Release|Any CPU.Build.0 = Release|Any CPU
		{38DF2289-834A-4356-A8F2-844EFF011738}.Debug|Any CPU.ActiveCfg = Debug|Any CPU
		{38DF2289-834A-4356-A8F2-844EFF011738}.Debug|Any CPU.Build.0 = Debug|Any CPU
		{38DF2289-834A-4356-A8F2-844EFF011738}.Release|Any CPU.ActiveCfg = Release|Any CPU
		{38DF2289-834A-4356-A8F2-844EFF011738}.Release|Any CPU.Build.0 = Release|Any CPU
		{BF49986A-1C5B-4CFF-B900-C7CB01D55525}.Debug|Any CPU.ActiveCfg = Debug|Any CPU
		{BF49986A-1C5B-4CFF-B900-C7CB01D55525}.Debug|Any CPU.Build.0 = Debug|Any CPU
		{BF49986A-1C5B-4CFF-B900-C7CB01D55525}.Release|Any CPU.ActiveCfg = Release|Any CPU
		{BF49986A-1C5B-4CFF-B900-C7CB01D55525}.Release|Any CPU.Build.0 = Release|Any CPU
		{DB37BD35-D18D-4ACE-8D70-6BB08A0A6DDC}.Debug|Any CPU.ActiveCfg = Debug|Any CPU
		{DB37BD35-D18D-4ACE-8D70-6BB08A0A6DDC}.Debug|Any CPU.Build.0 = Debug|Any CPU
		{DB37BD35-D18D-4ACE-8D70-6BB08A0A6DDC}.Release|Any CPU.ActiveCfg = Release|Any CPU
		{DB37BD35-D18D-4ACE-8D70-6BB08A0A6DDC}.Release|Any CPU.Build.0 = Release|Any CPU
		{AA95B730-99FD-4F41-9680-1CE9B59DC0A6}.Debug|Any CPU.ActiveCfg = Debug|Any CPU
		{AA95B730-99FD-4F41-9680-1CE9B59DC0A6}.Debug|Any CPU.Build.0 = Debug|Any CPU
		{AA95B730-99FD-4F41-9680-1CE9B59DC0A6}.Release|Any CPU.ActiveCfg = Release|Any CPU
		{AA95B730-99FD-4F41-9680-1CE9B59DC0A6}.Release|Any CPU.Build.0 = Release|Any CPU
		{ED6C156F-80B5-4155-87B5-C3F680AC1A63}.Debug|Any CPU.ActiveCfg = Debug|Any CPU
		{ED6C156F-80B5-4155-87B5-C3F680AC1A63}.Debug|Any CPU.Build.0 = Debug|Any CPU
		{ED6C156F-80B5-4155-87B5-C3F680AC1A63}.Release|Any CPU.ActiveCfg = Release|Any CPU
		{ED6C156F-80B5-4155-87B5-C3F680AC1A63}.Release|Any CPU.Build.0 = Release|Any CPU
	EndGlobalSection
	GlobalSection(SolutionProperties) = preSolution
		HideSolutionNode = FALSE
	EndGlobalSection
	GlobalSection(NestedProjects) = preSolution
		{4E3EC33D-D422-466D-9654-EC12BC53FC27} = {04C7EA05-02A3-499C-AAEC-461106B0FF00}
		{ABF764CF-3622-4E33-91FF-971E8C5E0DA5} = {04C7EA05-02A3-499C-AAEC-461106B0FF00}
		{D4144DAF-D3A0-4EA8-BE8E-48B330C8CB30} = {4E3EC33D-D422-466D-9654-EC12BC53FC27}
		{A3BFED17-D8F2-4D55-90AD-62378383442A} = {4E3EC33D-D422-466D-9654-EC12BC53FC27}
		{5C037C91-673A-4414-8411-6805F11150D6} = {4E3EC33D-D422-466D-9654-EC12BC53FC27}
		{1B482671-4E9A-41EB-8689-D023AEA0C095} = {4E3EC33D-D422-466D-9654-EC12BC53FC27}
		{E0FA80EB-7A2B-4574-AF94-D5D9EDC7AD18} = {4E3EC33D-D422-466D-9654-EC12BC53FC27}
		{0EDE9D03-BBF6-4C05-8172-7A811BF42B2D} = {4E3EC33D-D422-466D-9654-EC12BC53FC27}
		{38DF2289-834A-4356-A8F2-844EFF011738} = {ABF764CF-3622-4E33-91FF-971E8C5E0DA5}
		{BF49986A-1C5B-4CFF-B900-C7CB01D55525} = {ABF764CF-3622-4E33-91FF-971E8C5E0DA5}
		{DB37BD35-D18D-4ACE-8D70-6BB08A0A6DDC} = {ABF764CF-3622-4E33-91FF-971E8C5E0DA5}
		{AA95B730-99FD-4F41-9680-1CE9B59DC0A6} = {ABF764CF-3622-4E33-91FF-971E8C5E0DA5}
		{ED6C156F-80B5-4155-87B5-C3F680AC1A63} = {ABF764CF-3622-4E33-91FF-971E8C5E0DA5}
	EndGlobalSection
	GlobalSection(ExtensibilityGlobals) = postSolution
		SolutionGuid = {F3F83F3F-624E-468D-B8C3-7F64C694AC86}
	EndGlobalSection
EndGlobal
